// !$*UTF8*$!
{
	archiveVersion = 1;
	classes = {
	};
	objectVersion = 50;
	objects = {

/* Begin PBXBuildFile section */
		451C1AFB24DC2B1900588368 /* yukon_charleyrivers.jpg in Resources */ = {isa = PBXBuildFile; fileRef = 451C1AEE24DC2B1900588368 /* yukon_charleyrivers.jpg */; };
		451C1AFC24DC2B1900588368 /* chincoteague.jpg in Resources */ = {isa = PBXBuildFile; fileRef = 451C1AEF24DC2B1900588368 /* chincoteague.jpg */; };
		451C1AFD24DC2B1900588368 /* umbagog.jpg in Resources */ = {isa = PBXBuildFile; fileRef = 451C1AF024DC2B1900588368 /* umbagog.jpg */; };
		451C1AFE24DC2B1900588368 /* icybay.jpg in Resources */ = {isa = PBXBuildFile; fileRef = 451C1AF124DC2B1900588368 /* icybay.jpg */; };
		451C1AFF24DC2B1900588368 /* twinlake.jpg in Resources */ = {isa = PBXBuildFile; fileRef = 451C1AF224DC2B1900588368 /* twinlake.jpg */; };
		451C1B0024DC2B1900588368 /* chilkoottrail.jpg in Resources */ = {isa = PBXBuildFile; fileRef = 451C1AF324DC2B1900588368 /* chilkoottrail.jpg */; };
		451C1B0124DC2B1900588368 /* landmarkData.json in Resources */ = {isa = PBXBuildFile; fileRef = 451C1AF424DC2B1900588368 /* landmarkData.json */; };
		451C1B0224DC2B1900588368 /* silversalmoncreek.jpg in Resources */ = {isa = PBXBuildFile; fileRef = 451C1AF524DC2B1900588368 /* silversalmoncreek.jpg */; };
		451C1B0324DC2B1900588368 /* turtlerock.jpg in Resources */ = {isa = PBXBuildFile; fileRef = 451C1AF624DC2B1900588368 /* turtlerock.jpg */; };
		451C1B0424DC2B1900588368 /* rainbowlake.jpg in Resources */ = {isa = PBXBuildFile; fileRef = 451C1AF724DC2B1900588368 /* rainbowlake.jpg */; };
		451C1B0524DC2B1900588368 /* hiddenlake.jpg in Resources */ = {isa = PBXBuildFile; fileRef = 451C1AF824DC2B1900588368 /* hiddenlake.jpg */; };
		451C1B0624DC2B1900588368 /* stmarylake.jpg in Resources */ = {isa = PBXBuildFile; fileRef = 451C1AF924DC2B1900588368 /* stmarylake.jpg */; };
		451C1B0724DC2B1900588368 /* lakemcdonald.jpg in Resources */ = {isa = PBXBuildFile; fileRef = 451C1AFA24DC2B1900588368 /* lakemcdonald.jpg */; };
		451C1B0924DC2DB000588368 /* LandmarkList.swift in Sources */ = {isa = PBXBuildFile; fileRef = 451C1B0824DC2DB000588368 /* LandmarkList.swift */; };
		45BE92BA24DBC5FF00FA47E1 /* AppDelegate.swift in Sources */ = {isa = PBXBuildFile; fileRef = 45BE92B924DBC5FF00FA47E1 /* AppDelegate.swift */; };
		45BE92BC24DBC5FF00FA47E1 /* SceneDelegate.swift in Sources */ = {isa = PBXBuildFile; fileRef = 45BE92BB24DBC5FF00FA47E1 /* SceneDelegate.swift */; };
		45BE92BE24DBC5FF00FA47E1 /* ContentView.swift in Sources */ = {isa = PBXBuildFile; fileRef = 45BE92BD24DBC5FF00FA47E1 /* ContentView.swift */; };
		45BE92C024DBC60100FA47E1 /* Assets.xcassets in Resources */ = {isa = PBXBuildFile; fileRef = 45BE92BF24DBC60100FA47E1 /* Assets.xcassets */; };
		45BE92C624DBC60100FA47E1 /* LaunchScreen.storyboard in Resources */ = {isa = PBXBuildFile; fileRef = 45BE92C424DBC60100FA47E1 /* LaunchScreen.storyboard */; };
		45BE92CE24DBDFF900FA47E1 /* CircleImage.swift in Sources */ = {isa = PBXBuildFile; fileRef = 45BE92CD24DBDFF900FA47E1 /* CircleImage.swift */; };
		45BE92D024DBE32200FA47E1 /* MapView.swift in Sources */ = {isa = PBXBuildFile; fileRef = 45BE92CF24DBE32200FA47E1 /* MapView.swift */; };
		45BE92D224DBE9F700FA47E1 /* Landmark.swift in Sources */ = {isa = PBXBuildFile; fileRef = 45BE92D124DBE9F700FA47E1 /* Landmark.swift */; };
		45BE92D524DBECD100FA47E1 /* Data.swift in Sources */ = {isa = PBXBuildFile; fileRef = 45BE92D424DBECD100FA47E1 /* Data.swift */; };
		45BE92D824DC282900FA47E1 /* LandmarkRow.swift in Sources */ = {isa = PBXBuildFile; fileRef = 45BE92D724DC282900FA47E1 /* LandmarkRow.swift */; };
/* End PBXBuildFile section */

/* Begin PBXFileReference section */
		451C1AEE24DC2B1900588368 /* yukon_charleyrivers.jpg */ = {isa = PBXFileReference; lastKnownFileType = image.jpeg; name = yukon_charleyrivers.jpg; path = ../../../../../../../../Downloads/BuildingListsAndNavigation/StartingPoint/Landmarks/Landmarks/Resources/yukon_charleyrivers.jpg; sourceTree = "<group>"; };
		451C1AEF24DC2B1900588368 /* chincoteague.jpg */ = {isa = PBXFileReference; lastKnownFileType = image.jpeg; name = chincoteague.jpg; path = ../../../../../../../../Downloads/BuildingListsAndNavigation/StartingPoint/Landmarks/Landmarks/Resources/chincoteague.jpg; sourceTree = "<group>"; };
		451C1AF024DC2B1900588368 /* umbagog.jpg */ = {isa = PBXFileReference; lastKnownFileType = image.jpeg; name = umbagog.jpg; path = ../../../../../../../../Downloads/BuildingListsAndNavigation/StartingPoint/Landmarks/Landmarks/Resources/umbagog.jpg; sourceTree = "<group>"; };
		451C1AF124DC2B1900588368 /* icybay.jpg */ = {isa = PBXFileReference; lastKnownFileType = image.jpeg; name = icybay.jpg; path = ../../../../../../../../Downloads/BuildingListsAndNavigation/StartingPoint/Landmarks/Landmarks/Resources/icybay.jpg; sourceTree = "<group>"; };
		451C1AF224DC2B1900588368 /* twinlake.jpg */ = {isa = PBXFileReference; lastKnownFileType = image.jpeg; name = twinlake.jpg; path = ../../../../../../../../Downloads/BuildingListsAndNavigation/StartingPoint/Landmarks/Landmarks/Resources/twinlake.jpg; sourceTree = "<group>"; };
		451C1AF324DC2B1900588368 /* chilkoottrail.jpg */ = {isa = PBXFileReference; lastKnownFileType = image.jpeg; name = chilkoottrail.jpg; path = ../../../../../../../../Downloads/BuildingListsAndNavigation/StartingPoint/Landmarks/Landmarks/Resources/chilkoottrail.jpg; sourceTree = "<group>"; };
		451C1AF424DC2B1900588368 /* landmarkData.json */ = {isa = PBXFileReference; fileEncoding = 4; lastKnownFileType = text.json; name = landmarkData.json; path = ../../../../../../../../Downloads/BuildingListsAndNavigation/StartingPoint/Landmarks/Landmarks/Resources/landmarkData.json; sourceTree = "<group>"; };
		451C1AF524DC2B1900588368 /* silversalmoncreek.jpg */ = {isa = PBXFileReference; lastKnownFileType = image.jpeg; name = silversalmoncreek.jpg; path = ../../../../../../../../Downloads/BuildingListsAndNavigation/StartingPoint/Landmarks/Landmarks/Resources/silversalmoncreek.jpg; sourceTree = "<group>"; };
		451C1AF624DC2B1900588368 /* turtlerock.jpg */ = {isa = PBXFileReference; lastKnownFileType = image.jpeg; name = turtlerock.jpg; path = ../../../../../../../../Downloads/BuildingListsAndNavigation/StartingPoint/Landmarks/Landmarks/Resources/turtlerock.jpg; sourceTree = "<group>"; };
		451C1AF724DC2B1900588368 /* rainbowlake.jpg */ = {isa = PBXFileReference; lastKnownFileType = image.jpeg; name = rainbowlake.jpg; path = ../../../../../../../../Downloads/BuildingListsAndNavigation/StartingPoint/Landmarks/Landmarks/Resources/rainbowlake.jpg; sourceTree = "<group>"; };
		451C1AF824DC2B1900588368 /* hiddenlake.jpg */ = {isa = PBXFileReference; lastKnownFileType = image.jpeg; name = hiddenlake.jpg; path = ../../../../../../../../Downloads/BuildingListsAndNavigation/StartingPoint/Landmarks/Landmarks/Resources/hiddenlake.jpg; sourceTree = "<group>"; };
		451C1AF924DC2B1900588368 /* stmarylake.jpg */ = {isa = PBXFileReference; lastKnownFileType = image.jpeg; name = stmarylake.jpg; path = ../../../../../../../../Downloads/BuildingListsAndNavigation/StartingPoint/Landmarks/Landmarks/Resources/stmarylake.jpg; sourceTree = "<group>"; };
		451C1AFA24DC2B1900588368 /* lakemcdonald.jpg */ = {isa = PBXFileReference; lastKnownFileType = image.jpeg; name = lakemcdonald.jpg; path = ../../../../../../../../Downloads/BuildingListsAndNavigation/StartingPoint/Landmarks/Landmarks/Resources/lakemcdonald.jpg; sourceTree = "<group>"; };
		451C1B0824DC2DB000588368 /* LandmarkList.swift */ = {isa = PBXFileReference; lastKnownFileType = sourcecode.swift; path = LandmarkList.swift; sourceTree = "<group>"; };
		45BE92B624DBC5FF00FA47E1 /* HelloSwiftUI.app */ = {isa = PBXFileReference; explicitFileType = wrapper.application; includeInIndex = 0; path = HelloSwiftUI.app; sourceTree = BUILT_PRODUCTS_DIR; };
		45BE92B924DBC5FF00FA47E1 /* AppDelegate.swift */ = {isa = PBXFileReference; lastKnownFileType = sourcecode.swift; path = AppDelegate.swift; sourceTree = "<group>"; };
		45BE92BB24DBC5FF00FA47E1 /* SceneDelegate.swift */ = {isa = PBXFileReference; lastKnownFileType = sourcecode.swift; path = SceneDelegate.swift; sourceTree = "<group>"; };
		45BE92BD24DBC5FF00FA47E1 /* ContentView.swift */ = {isa = PBXFileReference; lastKnownFileType = sourcecode.swift; path = ContentView.swift; sourceTree = "<group>"; };
		45BE92BF24DBC60100FA47E1 /* Assets.xcassets */ = {isa = PBXFileReference; lastKnownFileType = folder.assetcatalog; path = Assets.xcassets; sourceTree = "<group>"; };
		45BE92C524DBC60100FA47E1 /* Base */ = {isa = PBXFileReference; lastKnownFileType = file.storyboard; name = Base; path = Base.lproj/LaunchScreen.storyboard; sourceTree = "<group>"; };
		45BE92C724DBC60100FA47E1 /* Info.plist */ = {isa = PBXFileReference; lastKnownFileType = text.plist.xml; path = Info.plist; sourceTree = "<group>"; };
		45BE92CD24DBDFF900FA47E1 /* CircleImage.swift */ = {isa = PBXFileReference; lastKnownFileType = sourcecode.swift; path = CircleImage.swift; sourceTree = "<group>"; };
		45BE92CF24DBE32200FA47E1 /* MapView.swift */ = {isa = PBXFileReference; lastKnownFileType = sourcecode.swift; path = MapView.swift; sourceTree = "<group>"; };
		45BE92D124DBE9F700FA47E1 /* Landmark.swift */ = {isa = PBXFileReference; lastKnownFileType = sourcecode.swift; path = Landmark.swift; sourceTree = "<group>"; };
		45BE92D424DBECD100FA47E1 /* Data.swift */ = {isa = PBXFileReference; fileEncoding = 4; lastKnownFileType = sourcecode.swift; name = Data.swift; path = ../../../../../../../../Downloads/BuildingListsAndNavigation/Complete/Landmarks/Landmarks/Models/Data.swift; sourceTree = "<group>"; };
		45BE92D724DC282900FA47E1 /* LandmarkRow.swift */ = {isa = PBXFileReference; lastKnownFileType = sourcecode.swift; path = LandmarkRow.swift; sourceTree = "<group>"; };
/* End PBXFileReference section */

/* Begin PBXFrameworksBuildPhase section */
		45BE92B324DBC5FF00FA47E1 /* Frameworks */ = {
			isa = PBXFrameworksBuildPhase;
			buildActionMask = 2147483647;
			files = (
			);
			runOnlyForDeploymentPostprocessing = 0;
		};
/* End PBXFrameworksBuildPhase section */

/* Begin PBXGroup section */
		451C1AED24DC2B0A00588368 /* Resources */ = {
			isa = PBXGroup;
			children = (
				451C1AF324DC2B1900588368 /* chilkoottrail.jpg */,
				451C1AEF24DC2B1900588368 /* chincoteague.jpg */,
				451C1AF824DC2B1900588368 /* hiddenlake.jpg */,
				451C1AF124DC2B1900588368 /* icybay.jpg */,
				451C1AFA24DC2B1900588368 /* lakemcdonald.jpg */,
				451C1AF424DC2B1900588368 /* landmarkData.json */,
				451C1AF724DC2B1900588368 /* rainbowlake.jpg */,
				451C1AF524DC2B1900588368 /* silversalmoncreek.jpg */,
				451C1AF924DC2B1900588368 /* stmarylake.jpg */,
				451C1AF624DC2B1900588368 /* turtlerock.jpg */,
				451C1AF224DC2B1900588368 /* twinlake.jpg */,
				451C1AF024DC2B1900588368 /* umbagog.jpg */,
				451C1AEE24DC2B1900588368 /* yukon_charleyrivers.jpg */,
			);
			path = Resources;
			sourceTree = "<group>";
		};
		45BE92AD24DBC5FF00FA47E1 = {
			isa = PBXGroup;
			children = (
				45BE92B824DBC5FF00FA47E1 /* HelloSwiftUI */,
				45BE92B724DBC5FF00FA47E1 /* Products */,
			);
			sourceTree = "<group>";
		};
		45BE92B724DBC5FF00FA47E1 /* Products */ = {
			isa = PBXGroup;
			children = (
				45BE92B624DBC5FF00FA47E1 /* HelloSwiftUI.app */,
			);
			name = Products;
			sourceTree = "<group>";
		};
		45BE92B824DBC5FF00FA47E1 /* HelloSwiftUI */ = {
			isa = PBXGroup;
			children = (
				451C1AED24DC2B0A00588368 /* Resources */,
				45BE92D624DBED6F00FA47E1 /* wizet */,
				45BE92D324DBEC9E00FA47E1 /* Data */,
				45BE92B924DBC5FF00FA47E1 /* AppDelegate.swift */,
				45BE92BB24DBC5FF00FA47E1 /* SceneDelegate.swift */,
				45BE92BD24DBC5FF00FA47E1 /* ContentView.swift */,
				45BE92BF24DBC60100FA47E1 /* Assets.xcassets */,
				45BE92C424DBC60100FA47E1 /* LaunchScreen.storyboard */,
				45BE92C724DBC60100FA47E1 /* Info.plist */,
				451C1B0824DC2DB000588368 /* LandmarkList.swift */,
			);
			path = HelloSwiftUI;
			sourceTree = "<group>";
		};
		45BE92D324DBEC9E00FA47E1 /* Data */ = {
			isa = PBXGroup;
			children = (
				45BE92D124DBE9F700FA47E1 /* Landmark.swift */,
				45BE92D424DBECD100FA47E1 /* Data.swift */,
			);
			path = Data;
			sourceTree = "<group>";
		};
		45BE92D624DBED6F00FA47E1 /* wizet */ = {
			isa = PBXGroup;
			children = (
				45BE92D724DC282900FA47E1 /* LandmarkRow.swift */,
				45BE92CD24DBDFF900FA47E1 /* CircleImage.swift */,
				45BE92CF24DBE32200FA47E1 /* MapView.swift */,
			);
			path = wizet;
			sourceTree = "<group>";
		};
/* End PBXGroup section */

/* Begin PBXNativeTarget section */
		45BE92B524DBC5FF00FA47E1 /* HelloSwiftUI */ = {
			isa = PBXNativeTarget;
			buildConfigurationList = 45BE92CA24DBC60100FA47E1 /* Build configuration list for PBXNativeTarget "HelloSwiftUI" */;
			buildPhases = (
				45BE92B224DBC5FF00FA47E1 /* Sources */,
				45BE92B324DBC5FF00FA47E1 /* Frameworks */,
				45BE92B424DBC5FF00FA47E1 /* Resources */,
			);
			buildRules = (
			);
			dependencies = (
			);
			name = HelloSwiftUI;
			productName = HelloSwiftUI;
			productReference = 45BE92B624DBC5FF00FA47E1 /* HelloSwiftUI.app */;
			productType = "com.apple.product-type.application";
		};
/* End PBXNativeTarget section */

/* Begin PBXProject section */
		45BE92AE24DBC5FF00FA47E1 /* Project object */ = {
			isa = PBXProject;
			attributes = {
				LastSwiftUpdateCheck = 1160;
				LastUpgradeCheck = 1160;
				ORGANIZATIONNAME = Leesungrok;
				TargetAttributes = {
					45BE92B524DBC5FF00FA47E1 = {
						CreatedOnToolsVersion = 11.6;
					};
				};
			};
			buildConfigurationList = 45BE92B124DBC5FF00FA47E1 /* Build configuration list for PBXProject "HelloSwiftUI" */;
			compatibilityVersion = "Xcode 9.3";
			developmentRegion = en;
			hasScannedForEncodings = 0;
			knownRegions = (
				en,
				Base,
			);
			mainGroup = 45BE92AD24DBC5FF00FA47E1;
			productRefGroup = 45BE92B724DBC5FF00FA47E1 /* Products */;
			projectDirPath = "";
			projectRoot = "";
			targets = (
				45BE92B524DBC5FF00FA47E1 /* HelloSwiftUI */,
			);
		};
/* End PBXProject section */

/* Begin PBXResourcesBuildPhase section */
		45BE92B424DBC5FF00FA47E1 /* Resources */ = {
			isa = PBXResourcesBuildPhase;
			buildActionMask = 2147483647;
			files = (
				45BE92C624DBC60100FA47E1 /* LaunchScreen.storyboard in Resources */,
				451C1B0524DC2B1900588368 /* hiddenlake.jpg in Resources */,
				451C1B0424DC2B1900588368 /* rainbowlake.jpg in Resources */,
				451C1B0324DC2B1900588368 /* turtlerock.jpg in Resources */,
				451C1B0024DC2B1900588368 /* chilkoottrail.jpg in Resources */,
				451C1AFB24DC2B1900588368 /* yukon_charleyrivers.jpg in Resources */,
				451C1B0724DC2B1900588368 /* lakemcdonald.jpg in Resources */,
				451C1B0624DC2B1900588368 /* stmarylake.jpg in Resources */,
				451C1AFC24DC2B1900588368 /* chincoteague.jpg in Resources */,
				45BE92C024DBC60100FA47E1 /* Assets.xcassets in Resources */,
				451C1B0224DC2B1900588368 /* silversalmoncreek.jpg in Resources */,
				451C1AFF24DC2B1900588368 /* twinlake.jpg in Resources */,
				451C1AFE24DC2B1900588368 /* icybay.jpg in Resources */,
				451C1AFD24DC2B1900588368 /* umbagog.jpg in Resources */,
				451C1B0124DC2B1900588368 /* landmarkData.json in Resources */,
			);
			runOnlyForDeploymentPostprocessing = 0;
		};
/* End PBXResourcesBuildPhase section */

/* Begin PBXSourcesBuildPhase section */
		45BE92B224DBC5FF00FA47E1 /* Sources */ = {
			isa = PBXSourcesBuildPhase;
			buildActionMask = 2147483647;
			files = (
				45BE92D524DBECD100FA47E1 /* Data.swift in Sources */,
				45BE92BA24DBC5FF00FA47E1 /* AppDelegate.swift in Sources */,
				45BE92CE24DBDFF900FA47E1 /* CircleImage.swift in Sources */,
				45BE92D024DBE32200FA47E1 /* MapView.swift in Sources */,
				451C1B0924DC2DB000588368 /* LandmarkList.swift in Sources */,
				45BE92BC24DBC5FF00FA47E1 /* SceneDelegate.swift in Sources */,
				45BE92BE24DBC5FF00FA47E1 /* ContentView.swift in Sources */,
				45BE92D824DC282900FA47E1 /* LandmarkRow.swift in Sources */,
				45BE92D224DBE9F700FA47E1 /* Landmark.swift in Sources */,
			);
			runOnlyForDeploymentPostprocessing = 0;
		};
/* End PBXSourcesBuildPhase section */

/* Begin PBXVariantGroup section */
		45BE92C424DBC60100FA47E1 /* LaunchScreen.storyboard */ = {
			isa = PBXVariantGroup;
			children = (
				45BE92C524DBC60100FA47E1 /* Base */,
			);
			name = LaunchScreen.storyboard;
			sourceTree = "<group>";
		};
/* End PBXVariantGroup section */

/* Begin XCBuildConfiguration section */
		45BE92C824DBC60100FA47E1 /* Debug */ = {
			isa = XCBuildConfiguration;
			buildSettings = {
				ALWAYS_SEARCH_USER_PATHS = NO;
				CLANG_ANALYZER_NONNULL = YES;
				CLANG_ANALYZER_NUMBER_OBJECT_CONVERSION = YES_AGGRESSIVE;
				CLANG_CXX_LANGUAGE_STANDARD = "gnu++14";
				CLANG_CXX_LIBRARY = "libc++";
				CLANG_ENABLE_MODULES = YES;
				CLANG_ENABLE_OBJC_ARC = YES;
				CLANG_ENABLE_OBJC_WEAK = YES;
				CLANG_WARN_BLOCK_CAPTURE_AUTORELEASING = YES;
				CLANG_WARN_BOOL_CONVERSION = YES;
				CLANG_WARN_COMMA = YES;
				CLANG_WARN_CONSTANT_CONVERSION = YES;
				CLANG_WARN_DEPRECATED_OBJC_IMPLEMENTATIONS = YES;
				CLANG_WARN_DIRECT_OBJC_ISA_USAGE = YES_ERROR;
				CLANG_WARN_DOCUMENTATION_COMMENTS = YES;
				CLANG_WARN_EMPTY_BODY = YES;
				CLANG_WARN_ENUM_CONVERSION = YES;
				CLANG_WARN_INFINITE_RECURSION = YES;
				CLANG_WARN_INT_CONVERSION = YES;
				CLANG_WARN_NON_LITERAL_NULL_CONVERSION = YES;
				CLANG_WARN_OBJC_IMPLICIT_RETAIN_SELF = YES;
				CLANG_WARN_OBJC_LITERAL_CONVERSION = YES;
				CLANG_WARN_OBJC_ROOT_CLASS = YES_ERROR;
				CLANG_WARN_RANGE_LOOP_ANALYSIS = YES;
				CLANG_WARN_STRICT_PROTOTYPES = YES;
				CLANG_WARN_SUSPICIOUS_MOVE = YES;
				CLANG_WARN_UNGUARDED_AVAILABILITY = YES_AGGRESSIVE;
				CLANG_WARN_UNREACHABLE_CODE = YES;
				CLANG_WARN__DUPLICATE_METHOD_MATCH = YES;
				COPY_PHASE_STRIP = NO;
				DEBUG_INFORMATION_FORMAT = dwarf;
				ENABLE_STRICT_OBJC_MSGSEND = YES;
				ENABLE_TESTABILITY = YES;
				GCC_C_LANGUAGE_STANDARD = gnu11;
				GCC_DYNAMIC_NO_PIC = NO;
				GCC_NO_COMMON_BLOCKS = YES;
				GCC_OPTIMIZATION_LEVEL = 0;
				GCC_PREPROCESSOR_DEFINITIONS = (
					"DEBUG=1",
					"$(inherited)",
				);
				GCC_WARN_64_TO_32_BIT_CONVERSION = YES;
				GCC_WARN_ABOUT_RETURN_TYPE = YES_ERROR;
				GCC_WARN_UNDECLARED_SELECTOR = YES;
				GCC_WARN_UNINITIALIZED_AUTOS = YES_AGGRESSIVE;
				GCC_WARN_UNUSED_FUNCTION = YES;
				GCC_WARN_UNUSED_VARIABLE = YES;
				IPHONEOS_DEPLOYMENT_TARGET = 13.6;
				MTL_ENABLE_DEBUG_INFO = INCLUDE_SOURCE;
				MTL_FAST_MATH = YES;
				ONLY_ACTIVE_ARCH = YES;
				SDKROOT = iphoneos;
				SWIFT_ACTIVE_COMPILATION_CONDITIONS = DEBUG;
				SWIFT_OPTIMIZATION_LEVEL = "-Onone";
			};
			name = Debug;
		};
		45BE92C924DBC60100FA47E1 /* Release */ = {
			isa = XCBuildConfiguration;
			buildSettings = {
				ALWAYS_SEARCH_USER_PATHS = NO;
				CLANG_ANALYZER_NONNULL = YES;
				CLANG_ANALYZER_NUMBER_OBJECT_CONVERSION = YES_AGGRESSIVE;
				CLANG_CXX_LANGUAGE_STANDARD = "gnu++14";
				CLANG_CXX_LIBRARY = "libc++";
				CLANG_ENABLE_MODULES = YES;
				CLANG_ENABLE_OBJC_ARC = YES;
				CLANG_ENABLE_OBJC_WEAK = YES;
				CLANG_WARN_BLOCK_CAPTURE_AUTORELEASING = YES;
				CLANG_WARN_BOOL_CONVERSION = YES;
				CLANG_WARN_COMMA = YES;
				CLANG_WARN_CONSTANT_CONVERSION = YES;
				CLANG_WARN_DEPRECATED_OBJC_IMPLEMENTATIONS = YES;
				CLANG_WARN_DIRECT_OBJC_ISA_USAGE = YES_ERROR;
				CLANG_WARN_DOCUMENTATION_COMMENTS = YES;
				CLANG_WARN_EMPTY_BODY = YES;
				CLANG_WARN_ENUM_CONVERSION = YES;
				CLANG_WARN_INFINITE_RECURSION = YES;
				CLANG_WARN_INT_CONVERSION = YES;
				CLANG_WARN_NON_LITERAL_NULL_CONVERSION = YES;
				CLANG_WARN_OBJC_IMPLICIT_RETAIN_SELF = YES;
				CLANG_WARN_OBJC_LITERAL_CONVERSION = YES;
				CLANG_WARN_OBJC_ROOT_CLASS = YES_ERROR;
				CLANG_WARN_RANGE_LOOP_ANALYSIS = YES;
				CLANG_WARN_STRICT_PROTOTYPES = YES;
				CLANG_WARN_SUSPICIOUS_MOVE = YES;
				CLANG_WARN_UNGUARDED_AVAILABILITY = YES_AGGRESSIVE;
				CLANG_WARN_UNREACHABLE_CODE = YES;
				CLANG_WARN__DUPLICATE_METHOD_MATCH = YES;
				COPY_PHASE_STRIP = NO;
				DEBUG_INFORMATION_FORMAT = "dwarf-with-dsym";
				ENABLE_NS_ASSERTIONS = NO;
				ENABLE_STRICT_OBJC_MSGSEND = YES;
				GCC_C_LANGUAGE_STANDARD = gnu11;
				GCC_NO_COMMON_BLOCKS = YES;
				GCC_WARN_64_TO_32_BIT_CONVERSION = YES;
				GCC_WARN_ABOUT_RETURN_TYPE = YES_ERROR;
				GCC_WARN_UNDECLARED_SELECTOR = YES;
				GCC_WARN_UNINITIALIZED_AUTOS = YES_AGGRESSIVE;
				GCC_WARN_UNUSED_FUNCTION = YES;
				GCC_WARN_UNUSED_VARIABLE = YES;
				IPHONEOS_DEPLOYMENT_TARGET = 13.6;
				MTL_ENABLE_DEBUG_INFO = NO;
				MTL_FAST_MATH = YES;
				SDKROOT = iphoneos;
				SWIFT_COMPILATION_MODE = wholemodule;
				SWIFT_OPTIMIZATION_LEVEL = "-O";
				VALIDATE_PRODUCT = YES;
			};
			name = Release;
		};
		45BE92CB24DBC60100FA47E1 /* Debug */ = {
			isa = XCBuildConfiguration;
			buildSettings = {
				ASSETCATALOG_COMPILER_APPICON_NAME = AppIcon;
				CODE_SIGN_STYLE = Automatic;
				DEVELOPMENT_ASSET_PATHS = "\"HelloSwiftUI\"";
				DEVELOPMENT_TEAM = H5TJ23UAUR;
				ENABLE_PREVIEWS = YES;
				INFOPLIST_FILE = HelloSwiftUI/Info.plist;
				LD_RUNPATH_SEARCH_PATHS = (
					"$(inherited)",
					"@executable_path/Frameworks",
				);
				PRODUCT_BUNDLE_IDENTIFIER = Argon1025.seongrok.HelloSwiftUI;
				PRODUCT_NAME = "$(TARGET_NAME)";
				SWIFT_VERSION = 5.0;
				TARGETED_DEVICE_FAMILY = "1,2";
			};
			name = Debug;
		};
		45BE92CC24DBC60100FA47E1 /* Release */ = {
			isa = XCBuildConfiguration;
			buildSettings = {
				ASSETCATALOG_COMPILER_APPICON_NAME = AppIcon;
				CODE_SIGN_STYLE = Automatic;
				DEVELOPMENT_ASSET_PATHS = "\"HelloSwiftUI\"";
				DEVELOPMENT_TEAM = H5TJ23UAUR;
				ENABLE_PREVIEWS = YES;
				INFOPLIST_FILE = HelloSwiftUI/Info.plist;
				LD_RUNPATH_SEARCH_PATHS = (
					"$(inherited)",
					"@executable_path/Frameworks",
				);
				PRODUCT_BUNDLE_IDENTIFIER = Argon1025.seongrok.HelloSwiftUI;
				PRODUCT_NAME = "$(TARGET_NAME)";
				SWIFT_VERSION = 5.0;
				TARGETED_DEVICE_FAMILY = "1,2";
			};
			name = Release;
		};
/* End XCBuildConfiguration section */

/* Begin XCConfigurationList section */
		45BE92B124DBC5FF00FA47E1 /* Build configuration list for PBXProject "HelloSwiftUI" */ = {
			isa = XCConfigurationList;
			buildConfigurations = (
				45BE92C824DBC60100FA47E1 /* Debug */,
				45BE92C924DBC60100FA47E1 /* Release */,
			);
			defaultConfigurationIsVisible = 0;
			defaultConfigurationName = Release;
		};
		45BE92CA24DBC60100FA47E1 /* Build configuration list for PBXNativeTarget "HelloSwiftUI" */ = {
			isa = XCConfigurationList;
			buildConfigurations = (
				45BE92CB24DBC60100FA47E1 /* Debug */,
				45BE92CC24DBC60100FA47E1 /* Release */,
			);
			defaultConfigurationIsVisible = 0;
			defaultConfigurationName = Release;
		};
/* End XCConfigurationList section */
	};
	rootObject = 45BE92AE24DBC5FF00FA47E1 /* Project object */;
}
